
Microsoft Visual Studio Solution File, Format Version 12.00
# Visual Studio Version 17
VisualStudioVersion = 17.5.33530.505
MinimumVisualStudioVersion = 10.0.40219.1
Project("{FAE04EC0-301F-11D3-BF4B-00C04F79EFBC}") = "MPTomsoft", "MPTomsoft\MPTomsoft.csproj", "{DBAEB5FF-9CC9-4C2B-99DA-D373C5531AF5}"
EndProject
Global
	GlobalSection(SolutionConfigurationPlatforms) = preSolution
		Debug|Any CPU = Debug|Any CPU
		Release|Any CPU = Release|Any CPU
	EndGlobalSection
	GlobalSection(ProjectConfigurationPlatforms) = postSolution
		{DBAEB5FF-9CC9-4C2B-99DA-D373C5531AF5}.Debug|Any CPU.ActiveCfg = Debug|Any CPU
		{DBAEB5FF-9CC9-4C2B-99DA-D373C5531AF5}.Debug|Any CPU.Build.0 = Debug|Any CPU
		{DBAEB5FF-9CC9-4C2B-99DA-D373C5531AF5}.Release|Any CPU.ActiveCfg = Release|Any CPU
		{DBAEB5FF-9CC9-4C2B-99DA-D373C5531AF5}.Release|Any CPU.Build.0 = Release|Any CPU
	EndGlobalSection
	GlobalSection(SolutionProperties) = preSolution
		HideSolutionNode = FALSE
	EndGlobalSection
	GlobalSection(ExtensibilityGlobals) = postSolution
		SolutionGuid = {01A3564D-3992-4B6C-AF6A-4682C01DC1D6}
	EndGlobalSection
EndGlobal
